eqrx.net/journalr v0.0.1 h1:xT7T1lhwOk5hPa3OEviFx/AlitRydQSW08vB6qOxIkY=
eqrx.net/journalr v0.0.1/go.mod h1:6cLBtbD1FOUC9yci07L38/mUB3rSdsXpWEF8vra9YS4=
eqrx.net/rungroup v0.0.10 h1:EkCCOWFXFqoCcJqS0GUZ8pikP+fTjwzcLMIbNedYHyo=
eqrx.net/rungroup v0.0.10/go.mod h1:9/J0s5ieNfD2X4H0zPo1HuvpKG1DqBnjrsDprg+vxPk=
eqrx.net/service v0.0.6 h1:DPXMdu/uFnfX5IDGQwoyyh/a9OZfussM09zml6k6VgQ=
eqrx.net/service v0.0.6/go.mod h1:/jp5j1zdrb5isom8CkNR32E61+taW6VsD3eOETh3Z2s=
github.com/go-logr/logr v1.2.3 h1:2DntVwHkVopvECVRSlL5PSo9eG+cAkDCuckLubN+rq0=
github.com/go-logr/logr v1.2.3/go.mod h1:jdQByPbusPIv2/zmleS9BjJVeZ6kBagPoEUsqbVz/1A=
github.com/magefile/mage v1.13.0 h1:XtLJl8bcCM7EFoO8FyH8XK3t7G5hQAeK+i4tq+veT9M=
github.com/magefile/mage v1.13.0/go.mod h1:z5UZb/iS3GoOSn0JgWuiw7dxlurVYTu+/jHXqQg881A=
golang.org/x/net v0.0.0-20220826154423-83b083e8dc8b h1:ZmngSVLe/wycRns9MKikG9OWIEjGcGAkacif7oYQaUY=
golang.org/x/net v0.0.0-20220826154423-83b083e8dc8b/go.mod h1:YDH+HFinaLZZlnHAfSS6ZXJJ9M9t4Dl22yv3iI2vPwk=
golang.org/x/sys v0.0.0-20220825204002-c680a09ffe64 h1:UiNENfZ8gDvpiWw7IpOMQ27spWmThO1RwwdQVbJahJM=
golang.org/x/sys v0.0.0-20220825204002-c680a09ffe64/go.mod h1:oPkhp1MJrh7nUepCBck5+mAzfO9JrbApNNgaTdGDITg=
gopkg.in/check.v1 v0.0.0-20161208181325-20d25e280405 h1:yhCVgyC4o1eVCa2tZl7eS0r+SDo693bJlVdllGtEeKM=
gopkg.in/check.v1 v0.0.0-20161208181325-20d25e280405/go.mod h1:Co6ibVJAznAaIkqp8huTwlJQCZ016jof/cbN4VW5Yz0=
gopkg.in/yaml.v3 v3.0.1 h1:fxVm/GzAzEWqLHuvctI91KS9hhNmmWOoWu0XTYJS7CA=
gopkg.in/yaml.v3 v3.0.1/go.mod h1:K4uyk7z7BCEPqu6E+C64Yfv1cQ7kz7rIZviUmN+EgEM=
