eqrx.net/journalr v0.0.1 h1:xT7T1lhwOk5hPa3OEviFx/AlitRydQSW08vB6qOxIkY=
eqrx.net/journalr v0.0.1/go.mod h1:6cLBtbD1FOUC9yci07L38/mUB3rSdsXpWEF8vra9YS4=
eqrx.net/rungroup v0.0.9 h1:krC0XnAalnv8ERFdXow0JkW3gw35FzyoIbQLY/SLeCQ=
eqrx.net/rungroup v0.0.9/go.mod h1:OkhrVLfjVZOtC3Q1gaFprfKVIogC4M4jLnrI31EyKHc=
eqrx.net/service v0.0.4 h1:WxSisfVDc38ffuaC2NC8xUi61rImmEEGfjtVdPPhy4k=
eqrx.net/service v0.0.4/go.mod h1:bzxnPrLRYB5vD5oZz1OTBAz7hYPkfEBa8EYeoDWUCr4=
github.com/go-logr/logr v1.2.3 h1:2DntVwHkVopvECVRSlL5PSo9eG+cAkDCuckLubN+rq0=
github.com/go-logr/logr v1.2.3/go.mod h1:jdQByPbusPIv2/zmleS9BjJVeZ6kBagPoEUsqbVz/1A=
golang.org/x/sys v0.0.0-20220429233432-b5fbb4746d32 h1:Js08h5hqB5xyWR789+QqueR6sDE8mk+YvpETZ+F6X9Y=
golang.org/x/sys v0.0.0-20220429233432-b5fbb4746d32/go.mod h1:oPkhp1MJrh7nUepCBck5+mAzfO9JrbApNNgaTdGDITg=
gopkg.in/check.v1 v0.0.0-20161208181325-20d25e280405 h1:yhCVgyC4o1eVCa2tZl7eS0r+SDo693bJlVdllGtEeKM=
gopkg.in/check.v1 v0.0.0-20161208181325-20d25e280405/go.mod h1:Co6ibVJAznAaIkqp8huTwlJQCZ016jof/cbN4VW5Yz0=
gopkg.in/yaml.v3 v3.0.0-20210107192922-496545a6307b h1:h8qDotaEPuJATrMmW04NCwg7v22aHH28wwpauUhK9Oo=
gopkg.in/yaml.v3 v3.0.0-20210107192922-496545a6307b/go.mod h1:K4uyk7z7BCEPqu6E+C64Yfv1cQ7kz7rIZviUmN+EgEM=
