eqrx.net/journalr v0.0.1 h1:xT7T1lhwOk5hPa3OEviFx/AlitRydQSW08vB6qOxIkY=
eqrx.net/journalr v0.0.1/go.mod h1:6cLBtbD1FOUC9yci07L38/mUB3rSdsXpWEF8vra9YS4=
eqrx.net/rungroup v0.0.9 h1:krC0XnAalnv8ERFdXow0JkW3gw35FzyoIbQLY/SLeCQ=
eqrx.net/rungroup v0.0.9/go.mod h1:OkhrVLfjVZOtC3Q1gaFprfKVIogC4M4jLnrI31EyKHc=
eqrx.net/service v0.0.5 h1:OtlV4SetlMjYYg8Kr7+Vvi8I47uC6WuxB8b/CMBxcrI=
eqrx.net/service v0.0.5/go.mod h1:Bce9cjZEW63imxqzqTlfnF8bluQQ0NhdZDx7HyyFbZA=
github.com/go-logr/logr v1.2.3 h1:2DntVwHkVopvECVRSlL5PSo9eG+cAkDCuckLubN+rq0=
github.com/go-logr/logr v1.2.3/go.mod h1:jdQByPbusPIv2/zmleS9BjJVeZ6kBagPoEUsqbVz/1A=
github.com/magefile/mage v1.13.0 h1:XtLJl8bcCM7EFoO8FyH8XK3t7G5hQAeK+i4tq+veT9M=
github.com/magefile/mage v1.13.0/go.mod h1:z5UZb/iS3GoOSn0JgWuiw7dxlurVYTu+/jHXqQg881A=
golang.org/x/sys v0.0.0-20220808155132-1c4a2a72c664 h1:v1W7bwXHsnLLloWYTVEdvGvA7BHMeBYsPcF0GLDxIRs=
golang.org/x/sys v0.0.0-20220808155132-1c4a2a72c664/go.mod h1:oPkhp1MJrh7nUepCBck5+mAzfO9JrbApNNgaTdGDITg=
gopkg.in/check.v1 v0.0.0-20161208181325-20d25e280405 h1:yhCVgyC4o1eVCa2tZl7eS0r+SDo693bJlVdllGtEeKM=
gopkg.in/check.v1 v0.0.0-20161208181325-20d25e280405/go.mod h1:Co6ibVJAznAaIkqp8huTwlJQCZ016jof/cbN4VW5Yz0=
gopkg.in/yaml.v3 v3.0.1 h1:fxVm/GzAzEWqLHuvctI91KS9hhNmmWOoWu0XTYJS7CA=
gopkg.in/yaml.v3 v3.0.1/go.mod h1:K4uyk7z7BCEPqu6E+C64Yfv1cQ7kz7rIZviUmN+EgEM=
